
Microsoft Visual Studio Solution File, Format Version 12.00
# Visual Studio 2013
VisualStudioVersion = 12.0.40629.0
MinimumVisualStudioVersion = 10.0.40219.1
Project("{FAE04EC0-301F-11D3-BF4B-00C04F79EFBC}") = "SEV.Domain.Model", "SEV.Domain.Model\SEV.Domain.Model.csproj", "{530C10E0-F51F-4A8C-9821-C5C9366BE728}"
EndProject
Project("{2150E333-8FDC-42A3-9474-1A3956D46DE8}") = "BusinessDomainLayer", "BusinessDomainLayer", "{E15D56F5-58BD-40B9-A615-55C5021408D4}"
EndProject
Project("{2150E333-8FDC-42A3-9474-1A3956D46DE8}") = "Infrastructure", "Infrastructure", "{D28FCC51-3C1A-45A1-B5C1-B81596165A38}"
EndProject
Project("{2150E333-8FDC-42A3-9474-1A3956D46DE8}") = "DataAccessLayer", "DataAccessLayer", "{2658CBB1-4E77-4A39-AB69-093F17FE81BF}"
EndProject
Project("{2150E333-8FDC-42A3-9474-1A3956D46DE8}") = "ApplicationLayer", "ApplicationLayer", "{2E509CB7-1F12-40C7-8C20-3E325E275896}"
EndProject
Project("{2150E333-8FDC-42A3-9474-1A3956D46DE8}") = "PresentationLayer", "PresentationLayer", "{1F0CD0CA-C0D9-4D8D-A6FE-0E7938A3F90E}"
EndProject
Project("{2150E333-8FDC-42A3-9474-1A3956D46DE8}") = "UnitTests", "UnitTests", "{C9A0A313-0291-495A-AFA0-C2E9229E5FF4}"
EndProject
Project("{2150E333-8FDC-42A3-9474-1A3956D46DE8}") = "IntegrationTests", "IntegrationTests", "{C34A0EAF-61CD-4CB5-B0C9-71EFD1983F4E}"
EndProject
Project("{FAE04EC0-301F-11D3-BF4B-00C04F79EFBC}") = "SEV.Domain.Repository", "SEV.Domain.Repository\SEV.Domain.Repository.csproj", "{2D262CA2-2ADD-441C-9AD7-DA377DB42266}"
EndProject
Project("{FAE04EC0-301F-11D3-BF4B-00C04F79EFBC}") = "SEV.Service.Contract", "SEV.Service.Contract\SEV.Service.Contract.csproj", "{64832A40-6736-4FB8-9BAF-0F3559532DEA}"
EndProject
Project("{FAE04EC0-301F-11D3-BF4B-00C04F79EFBC}") = "SEV.Service", "SEV.Service\SEV.Service.csproj", "{FA204EAC-B6BB-4A46-BEC8-980134379F6C}"
EndProject
Project("{FAE04EC0-301F-11D3-BF4B-00C04F79EFBC}") = "SEV.DAL.EF", "SEV.DAL.EF\SEV.DAL.EF.csproj", "{FE336D1E-5DAA-499B-AEF7-281C67690A5F}"
EndProject
Project("{2150E333-8FDC-42A3-9474-1A3956D46DE8}") = "DependencyInjection", "DependencyInjection", "{9AED588C-C232-471F-95B7-6ED0B0310CDF}"
EndProject
Project("{FAE04EC0-301F-11D3-BF4B-00C04F79EFBC}") = "SEV.UI.Model.Contract", "SEV.UI.Model.Contract\SEV.UI.Model.Contract.csproj", "{5A70B4F5-74D0-44BE-A736-75E11473DC6E}"
EndProject
Project("{FAE04EC0-301F-11D3-BF4B-00C04F79EFBC}") = "SEV.UI.Model", "SEV.UI.Model\SEV.UI.Model.csproj", "{20686166-1A67-4726-BAAF-4053C965F45A}"
EndProject
Project("{FAE04EC0-301F-11D3-BF4B-00C04F79EFBC}") = "SEV.DI.LightInject", "SEV.DI.LightInject\SEV.DI.LightInject.csproj", "{EBFF06E6-5651-43F4-B4D8-289136F12FEE}"
EndProject
Project("{2150E333-8FDC-42A3-9474-1A3956D46DE8}") = "Tests", "Tests", "{52DFBEF3-63F5-41C9-821F-26DC87BAFBE1}"
EndProject
Project("{FAE04EC0-301F-11D3-BF4B-00C04F79EFBC}") = "SEV.Common", "SEV.Common\SEV.Common.csproj", "{01E9A063-81CE-4813-BA6A-4AA955D2F9D4}"
EndProject
Project("{FAE04EC0-301F-11D3-BF4B-00C04F79EFBC}") = "SEV.DI", "SEV.DI\SEV.DI.csproj", "{56A69401-53D3-4E37-BE22-6CBBDE84E347}"
EndProject
Project("{FAE04EC0-301F-11D3-BF4B-00C04F79EFBC}") = "SEV.DI.Web.LightInject", "SEV.DI.Web.LightInject\SEV.DI.Web.LightInject.csproj", "{53676330-456C-4B99-940E-34790E21313B}"
EndProject
Project("{FAE04EC0-301F-11D3-BF4B-00C04F79EFBC}") = "SEV.Common.Tests", "Tests\SEV.Common.Tests\SEV.Common.Tests.csproj", "{666DCB8E-984C-4514-AA72-1DB226D3BB03}"
EndProject
Project("{FAE04EC0-301F-11D3-BF4B-00C04F79EFBC}") = "SEV.Domain.Model.Tests", "Tests\SEV.Domain.Model.Tests\SEV.Domain.Model.Tests.csproj", "{061C917A-FEC1-4A41-AB59-10B8CF433B1C}"
EndProject
Project("{FAE04EC0-301F-11D3-BF4B-00C04F79EFBC}") = "SEV.Domain.Repository.Tests", "Tests\SEV.Domain.Repository.Tests\SEV.Domain.Repository.Tests.csproj", "{DE2B0721-CBA8-4701-93C4-C8B59AA85A7F}"
EndProject
Project("{FAE04EC0-301F-11D3-BF4B-00C04F79EFBC}") = "SEV.DI.Tests", "Tests\SEV.DI.Tests\SEV.DI.Tests.csproj", "{6632C36F-6676-4B84-B621-0C5D59223C42}"
EndProject
Project("{FAE04EC0-301F-11D3-BF4B-00C04F79EFBC}") = "SEV.Service.Tests", "Tests\SEV.Service.Tests\SEV.Service.Tests.csproj", "{54B35AEB-EB5C-4C84-AE30-436A9F75EA43}"
EndProject
Project("{FAE04EC0-301F-11D3-BF4B-00C04F79EFBC}") = "SEV.UI.Model.Tests", "Tests\SEV.UI.Model.Tests\SEV.UI.Model.Tests.csproj", "{33262949-3F34-46A4-BB3E-C302BB646A40}"
EndProject
Project("{FAE04EC0-301F-11D3-BF4B-00C04F79EFBC}") = "SEV.DI.LightInject.Tests", "Tests\SEV.DI.LightInject.Tests\SEV.DI.LightInject.Tests.csproj", "{63D261E8-970F-45EF-8673-6371615C7D7C}"
EndProject
Project("{FAE04EC0-301F-11D3-BF4B-00C04F79EFBC}") = "SEV.DI.Web.LightInject.Tests", "Tests\SEV.DI.Web.LightInject.Tests\SEV.DI.Web.LightInject.Tests.csproj", "{0EA0BB9A-AB24-4FB1-893A-109D3587B984}"
EndProject
Project("{FAE04EC0-301F-11D3-BF4B-00C04F79EFBC}") = "SEV.DAL.EF.Tests", "Tests\SEV.DAL.EF.Tests\SEV.DAL.EF.Tests.csproj", "{60EB150C-57DC-4C10-AC2C-6AE3D1F4E647}"
EndProject
Project("{FAE04EC0-301F-11D3-BF4B-00C04F79EFBC}") = "SEV.DI.Web", "SEV.DI.Web\SEV.DI.Web.csproj", "{96BE6317-587C-4024-BE08-8031E410DC57}"
EndProject
Project("{FAE04EC0-301F-11D3-BF4B-00C04F79EFBC}") = "SEV.DI.Web.Tests", "Tests\SEV.DI.Web.Tests\SEV.DI.Web.Tests.csproj", "{B0F873D8-E3BC-4B5D-8A02-F434E8006385}"
EndProject
Project("{FAE04EC0-301F-11D3-BF4B-00C04F79EFBC}") = "SEV.FWK.Service.Tests", "Tests\SEV.FWK.Service.Tests\SEV.FWK.Service.Tests.csproj", "{CD868A78-CDBF-463A-A6C8-2C3C24E3CBA4}"
EndProject
Project("{FAE04EC0-301F-11D3-BF4B-00C04F79EFBC}") = "SEV.FWK.UI.Model.Tests", "Tests\SEV.FWK.UI.Model.Tests\SEV.FWK.UI.Model.Tests.csproj", "{23B3909D-DC81-42C8-9AE7-E0E8C4647EF2}"
EndProject
Global
	GlobalSection(SolutionConfigurationPlatforms) = preSolution
		Debug|Any CPU = Debug|Any CPU
		Release|Any CPU = Release|Any CPU
	EndGlobalSection
	GlobalSection(ProjectConfigurationPlatforms) = postSolution
		{530C10E0-F51F-4A8C-9821-C5C9366BE728}.Debug|Any CPU.ActiveCfg = Debug|Any CPU
		{530C10E0-F51F-4A8C-9821-C5C9366BE728}.Debug|Any CPU.Build.0 = Debug|Any CPU
		{530C10E0-F51F-4A8C-9821-C5C9366BE728}.Release|Any CPU.ActiveCfg = Release|Any CPU
		{530C10E0-F51F-4A8C-9821-C5C9366BE728}.Release|Any CPU.Build.0 = Release|Any CPU
		{2D262CA2-2ADD-441C-9AD7-DA377DB42266}.Debug|Any CPU.ActiveCfg = Debug|Any CPU
		{2D262CA2-2ADD-441C-9AD7-DA377DB42266}.Debug|Any CPU.Build.0 = Debug|Any CPU
		{2D262CA2-2ADD-441C-9AD7-DA377DB42266}.Release|Any CPU.ActiveCfg = Release|Any CPU
		{2D262CA2-2ADD-441C-9AD7-DA377DB42266}.Release|Any CPU.Build.0 = Release|Any CPU
		{64832A40-6736-4FB8-9BAF-0F3559532DEA}.Debug|Any CPU.ActiveCfg = Debug|Any CPU
		{64832A40-6736-4FB8-9BAF-0F3559532DEA}.Debug|Any CPU.Build.0 = Debug|Any CPU
		{64832A40-6736-4FB8-9BAF-0F3559532DEA}.Release|Any CPU.ActiveCfg = Release|Any CPU
		{64832A40-6736-4FB8-9BAF-0F3559532DEA}.Release|Any CPU.Build.0 = Release|Any CPU
		{FA204EAC-B6BB-4A46-BEC8-980134379F6C}.Debug|Any CPU.ActiveCfg = Debug|Any CPU
		{FA204EAC-B6BB-4A46-BEC8-980134379F6C}.Debug|Any CPU.Build.0 = Debug|Any CPU
		{FA204EAC-B6BB-4A46-BEC8-980134379F6C}.Release|Any CPU.ActiveCfg = Release|Any CPU
		{FA204EAC-B6BB-4A46-BEC8-980134379F6C}.Release|Any CPU.Build.0 = Release|Any CPU
		{FE336D1E-5DAA-499B-AEF7-281C67690A5F}.Debug|Any CPU.ActiveCfg = Debug|Any CPU
		{FE336D1E-5DAA-499B-AEF7-281C67690A5F}.Debug|Any CPU.Build.0 = Debug|Any CPU
		{FE336D1E-5DAA-499B-AEF7-281C67690A5F}.Release|Any CPU.ActiveCfg = Release|Any CPU
		{FE336D1E-5DAA-499B-AEF7-281C67690A5F}.Release|Any CPU.Build.0 = Release|Any CPU
		{5A70B4F5-74D0-44BE-A736-75E11473DC6E}.Debug|Any CPU.ActiveCfg = Debug|Any CPU
		{5A70B4F5-74D0-44BE-A736-75E11473DC6E}.Debug|Any CPU.Build.0 = Debug|Any CPU
		{5A70B4F5-74D0-44BE-A736-75E11473DC6E}.Release|Any CPU.ActiveCfg = Release|Any CPU
		{5A70B4F5-74D0-44BE-A736-75E11473DC6E}.Release|Any CPU.Build.0 = Release|Any CPU
		{20686166-1A67-4726-BAAF-4053C965F45A}.Debug|Any CPU.ActiveCfg = Debug|Any CPU
		{20686166-1A67-4726-BAAF-4053C965F45A}.Debug|Any CPU.Build.0 = Debug|Any CPU
		{20686166-1A67-4726-BAAF-4053C965F45A}.Release|Any CPU.ActiveCfg = Release|Any CPU
		{20686166-1A67-4726-BAAF-4053C965F45A}.Release|Any CPU.Build.0 = Release|Any CPU
		{EBFF06E6-5651-43F4-B4D8-289136F12FEE}.Debug|Any CPU.ActiveCfg = Debug|Any CPU
		{EBFF06E6-5651-43F4-B4D8-289136F12FEE}.Debug|Any CPU.Build.0 = Debug|Any CPU
		{EBFF06E6-5651-43F4-B4D8-289136F12FEE}.Release|Any CPU.ActiveCfg = Release|Any CPU
		{EBFF06E6-5651-43F4-B4D8-289136F12FEE}.Release|Any CPU.Build.0 = Release|Any CPU
		{01E9A063-81CE-4813-BA6A-4AA955D2F9D4}.Debug|Any CPU.ActiveCfg = Debug|Any CPU
		{01E9A063-81CE-4813-BA6A-4AA955D2F9D4}.Debug|Any CPU.Build.0 = Debug|Any CPU
		{01E9A063-81CE-4813-BA6A-4AA955D2F9D4}.Release|Any CPU.ActiveCfg = Release|Any CPU
		{01E9A063-81CE-4813-BA6A-4AA955D2F9D4}.Release|Any CPU.Build.0 = Release|Any CPU
		{56A69401-53D3-4E37-BE22-6CBBDE84E347}.Debug|Any CPU.ActiveCfg = Debug|Any CPU
		{56A69401-53D3-4E37-BE22-6CBBDE84E347}.Debug|Any CPU.Build.0 = Debug|Any CPU
		{56A69401-53D3-4E37-BE22-6CBBDE84E347}.Release|Any CPU.ActiveCfg = Release|Any CPU
		{56A69401-53D3-4E37-BE22-6CBBDE84E347}.Release|Any CPU.Build.0 = Release|Any CPU
		{53676330-456C-4B99-940E-34790E21313B}.Debug|Any CPU.ActiveCfg = Debug|Any CPU
		{53676330-456C-4B99-940E-34790E21313B}.Debug|Any CPU.Build.0 = Debug|Any CPU
		{53676330-456C-4B99-940E-34790E21313B}.Release|Any CPU.ActiveCfg = Release|Any CPU
		{53676330-456C-4B99-940E-34790E21313B}.Release|Any CPU.Build.0 = Release|Any CPU
		{666DCB8E-984C-4514-AA72-1DB226D3BB03}.Debug|Any CPU.ActiveCfg = Debug|Any CPU
		{666DCB8E-984C-4514-AA72-1DB226D3BB03}.Debug|Any CPU.Build.0 = Debug|Any CPU
		{666DCB8E-984C-4514-AA72-1DB226D3BB03}.Release|Any CPU.ActiveCfg = Release|Any CPU
		{666DCB8E-984C-4514-AA72-1DB226D3BB03}.Release|Any CPU.Build.0 = Release|Any CPU
		{061C917A-FEC1-4A41-AB59-10B8CF433B1C}.Debug|Any CPU.ActiveCfg = Debug|Any CPU
		{061C917A-FEC1-4A41-AB59-10B8CF433B1C}.Debug|Any CPU.Build.0 = Debug|Any CPU
		{061C917A-FEC1-4A41-AB59-10B8CF433B1C}.Release|Any CPU.ActiveCfg = Release|Any CPU
		{061C917A-FEC1-4A41-AB59-10B8CF433B1C}.Release|Any CPU.Build.0 = Release|Any CPU
		{DE2B0721-CBA8-4701-93C4-C8B59AA85A7F}.Debug|Any CPU.ActiveCfg = Debug|Any CPU
		{DE2B0721-CBA8-4701-93C4-C8B59AA85A7F}.Debug|Any CPU.Build.0 = Debug|Any CPU
		{DE2B0721-CBA8-4701-93C4-C8B59AA85A7F}.Release|Any CPU.ActiveCfg = Release|Any CPU
		{DE2B0721-CBA8-4701-93C4-C8B59AA85A7F}.Release|Any CPU.Build.0 = Release|Any CPU
		{6632C36F-6676-4B84-B621-0C5D59223C42}.Debug|Any CPU.ActiveCfg = Debug|Any CPU
		{6632C36F-6676-4B84-B621-0C5D59223C42}.Debug|Any CPU.Build.0 = Debug|Any CPU
		{6632C36F-6676-4B84-B621-0C5D59223C42}.Release|Any CPU.ActiveCfg = Release|Any CPU
		{6632C36F-6676-4B84-B621-0C5D59223C42}.Release|Any CPU.Build.0 = Release|Any CPU
		{54B35AEB-EB5C-4C84-AE30-436A9F75EA43}.Debug|Any CPU.ActiveCfg = Debug|Any CPU
		{54B35AEB-EB5C-4C84-AE30-436A9F75EA43}.Debug|Any CPU.Build.0 = Debug|Any CPU
		{54B35AEB-EB5C-4C84-AE30-436A9F75EA43}.Release|Any CPU.ActiveCfg = Release|Any CPU
		{54B35AEB-EB5C-4C84-AE30-436A9F75EA43}.Release|Any CPU.Build.0 = Release|Any CPU
		{33262949-3F34-46A4-BB3E-C302BB646A40}.Debug|Any CPU.ActiveCfg = Debug|Any CPU
		{33262949-3F34-46A4-BB3E-C302BB646A40}.Debug|Any CPU.Build.0 = Debug|Any CPU
		{33262949-3F34-46A4-BB3E-C302BB646A40}.Release|Any CPU.ActiveCfg = Release|Any CPU
		{33262949-3F34-46A4-BB3E-C302BB646A40}.Release|Any CPU.Build.0 = Release|Any CPU
		{63D261E8-970F-45EF-8673-6371615C7D7C}.Debug|Any CPU.ActiveCfg = Debug|Any CPU
		{63D261E8-970F-45EF-8673-6371615C7D7C}.Debug|Any CPU.Build.0 = Debug|Any CPU
		{63D261E8-970F-45EF-8673-6371615C7D7C}.Release|Any CPU.ActiveCfg = Release|Any CPU
		{63D261E8-970F-45EF-8673-6371615C7D7C}.Release|Any CPU.Build.0 = Release|Any CPU
		{0EA0BB9A-AB24-4FB1-893A-109D3587B984}.Debug|Any CPU.ActiveCfg = Debug|Any CPU
		{0EA0BB9A-AB24-4FB1-893A-109D3587B984}.Debug|Any CPU.Build.0 = Debug|Any CPU
		{0EA0BB9A-AB24-4FB1-893A-109D3587B984}.Release|Any CPU.ActiveCfg = Release|Any CPU
		{0EA0BB9A-AB24-4FB1-893A-109D3587B984}.Release|Any CPU.Build.0 = Release|Any CPU
		{60EB150C-57DC-4C10-AC2C-6AE3D1F4E647}.Debug|Any CPU.ActiveCfg = Debug|Any CPU
		{60EB150C-57DC-4C10-AC2C-6AE3D1F4E647}.Debug|Any CPU.Build.0 = Debug|Any CPU
		{60EB150C-57DC-4C10-AC2C-6AE3D1F4E647}.Release|Any CPU.ActiveCfg = Release|Any CPU
		{60EB150C-57DC-4C10-AC2C-6AE3D1F4E647}.Release|Any CPU.Build.0 = Release|Any CPU
		{96BE6317-587C-4024-BE08-8031E410DC57}.Debug|Any CPU.ActiveCfg = Debug|Any CPU
		{96BE6317-587C-4024-BE08-8031E410DC57}.Debug|Any CPU.Build.0 = Debug|Any CPU
		{96BE6317-587C-4024-BE08-8031E410DC57}.Release|Any CPU.ActiveCfg = Release|Any CPU
		{96BE6317-587C-4024-BE08-8031E410DC57}.Release|Any CPU.Build.0 = Release|Any CPU
		{B0F873D8-E3BC-4B5D-8A02-F434E8006385}.Debug|Any CPU.ActiveCfg = Debug|Any CPU
		{B0F873D8-E3BC-4B5D-8A02-F434E8006385}.Debug|Any CPU.Build.0 = Debug|Any CPU
		{B0F873D8-E3BC-4B5D-8A02-F434E8006385}.Release|Any CPU.ActiveCfg = Release|Any CPU
		{B0F873D8-E3BC-4B5D-8A02-F434E8006385}.Release|Any CPU.Build.0 = Release|Any CPU
		{CD868A78-CDBF-463A-A6C8-2C3C24E3CBA4}.Debug|Any CPU.ActiveCfg = Debug|Any CPU
		{CD868A78-CDBF-463A-A6C8-2C3C24E3CBA4}.Debug|Any CPU.Build.0 = Debug|Any CPU
		{CD868A78-CDBF-463A-A6C8-2C3C24E3CBA4}.Release|Any CPU.ActiveCfg = Release|Any CPU
		{CD868A78-CDBF-463A-A6C8-2C3C24E3CBA4}.Release|Any CPU.Build.0 = Release|Any CPU
		{23B3909D-DC81-42C8-9AE7-E0E8C4647EF2}.Debug|Any CPU.ActiveCfg = Debug|Any CPU
		{23B3909D-DC81-42C8-9AE7-E0E8C4647EF2}.Debug|Any CPU.Build.0 = Debug|Any CPU
		{23B3909D-DC81-42C8-9AE7-E0E8C4647EF2}.Release|Any CPU.ActiveCfg = Release|Any CPU
		{23B3909D-DC81-42C8-9AE7-E0E8C4647EF2}.Release|Any CPU.Build.0 = Release|Any CPU
	EndGlobalSection
	GlobalSection(SolutionProperties) = preSolution
		HideSolutionNode = FALSE
	EndGlobalSection
	GlobalSection(NestedProjects) = preSolution
		{530C10E0-F51F-4A8C-9821-C5C9366BE728} = {E15D56F5-58BD-40B9-A615-55C5021408D4}
		{C9A0A313-0291-495A-AFA0-C2E9229E5FF4} = {52DFBEF3-63F5-41C9-821F-26DC87BAFBE1}
		{C34A0EAF-61CD-4CB5-B0C9-71EFD1983F4E} = {52DFBEF3-63F5-41C9-821F-26DC87BAFBE1}
		{2D262CA2-2ADD-441C-9AD7-DA377DB42266} = {E15D56F5-58BD-40B9-A615-55C5021408D4}
		{64832A40-6736-4FB8-9BAF-0F3559532DEA} = {2E509CB7-1F12-40C7-8C20-3E325E275896}
		{FA204EAC-B6BB-4A46-BEC8-980134379F6C} = {2E509CB7-1F12-40C7-8C20-3E325E275896}
		{FE336D1E-5DAA-499B-AEF7-281C67690A5F} = {2658CBB1-4E77-4A39-AB69-093F17FE81BF}
		{5A70B4F5-74D0-44BE-A736-75E11473DC6E} = {1F0CD0CA-C0D9-4D8D-A6FE-0E7938A3F90E}
		{20686166-1A67-4726-BAAF-4053C965F45A} = {1F0CD0CA-C0D9-4D8D-A6FE-0E7938A3F90E}
		{EBFF06E6-5651-43F4-B4D8-289136F12FEE} = {9AED588C-C232-471F-95B7-6ED0B0310CDF}
		{01E9A063-81CE-4813-BA6A-4AA955D2F9D4} = {D28FCC51-3C1A-45A1-B5C1-B81596165A38}
		{56A69401-53D3-4E37-BE22-6CBBDE84E347} = {D28FCC51-3C1A-45A1-B5C1-B81596165A38}
		{53676330-456C-4B99-940E-34790E21313B} = {9AED588C-C232-471F-95B7-6ED0B0310CDF}
		{666DCB8E-984C-4514-AA72-1DB226D3BB03} = {C9A0A313-0291-495A-AFA0-C2E9229E5FF4}
		{061C917A-FEC1-4A41-AB59-10B8CF433B1C} = {C9A0A313-0291-495A-AFA0-C2E9229E5FF4}
		{DE2B0721-CBA8-4701-93C4-C8B59AA85A7F} = {C9A0A313-0291-495A-AFA0-C2E9229E5FF4}
		{6632C36F-6676-4B84-B621-0C5D59223C42} = {C9A0A313-0291-495A-AFA0-C2E9229E5FF4}
		{54B35AEB-EB5C-4C84-AE30-436A9F75EA43} = {C9A0A313-0291-495A-AFA0-C2E9229E5FF4}
		{33262949-3F34-46A4-BB3E-C302BB646A40} = {C9A0A313-0291-495A-AFA0-C2E9229E5FF4}
		{63D261E8-970F-45EF-8673-6371615C7D7C} = {C9A0A313-0291-495A-AFA0-C2E9229E5FF4}
		{0EA0BB9A-AB24-4FB1-893A-109D3587B984} = {C9A0A313-0291-495A-AFA0-C2E9229E5FF4}
		{60EB150C-57DC-4C10-AC2C-6AE3D1F4E647} = {C9A0A313-0291-495A-AFA0-C2E9229E5FF4}
		{96BE6317-587C-4024-BE08-8031E410DC57} = {1F0CD0CA-C0D9-4D8D-A6FE-0E7938A3F90E}
		{B0F873D8-E3BC-4B5D-8A02-F434E8006385} = {C9A0A313-0291-495A-AFA0-C2E9229E5FF4}
		{CD868A78-CDBF-463A-A6C8-2C3C24E3CBA4} = {C34A0EAF-61CD-4CB5-B0C9-71EFD1983F4E}
		{23B3909D-DC81-42C8-9AE7-E0E8C4647EF2} = {C34A0EAF-61CD-4CB5-B0C9-71EFD1983F4E}
	EndGlobalSection
EndGlobal
